
Microsoft Visual Studio Solution File, Format Version 12.00
# Visual Studio Version 17
VisualStudioVersion = 17.11.35431.28
MinimumVisualStudioVersion = 10.0.40219.1
Project("{9A19103F-16F7-4668-BE54-9A1E7A4F7556}") = "Ej01", "Ej01\Ej01.csproj", "{8B2829D0-8931-4594-AA59-E9AC79F497DE}"
EndProject
Project("{9A19103F-16F7-4668-BE54-9A1E7A4F7556}") = "Ej01Maui", "Ej01Maui\Ej01Maui.csproj", "{39795792-E939-44BC-A4EB-FC8F089C5890}"
EndProject
Project("{9A19103F-16F7-4668-BE54-9A1E7A4F7556}") = "ConexionDAL", "ConexionDAL\ConexionDAL.csproj", "{B931DB46-909C-4C82-8922-EB8272BE353B}"
EndProject
Project("{FAE04EC0-301F-11D3-BF4B-00C04F79EFBC}") = "ENT", "ENT\ENT.csproj", "{BD4F385E-1144-41D9-BA65-06041D03B660}"
EndProject
Global
	GlobalSection(SolutionConfigurationPlatforms) = preSolution
		Debug|Any CPU = Debug|Any CPU
		Release|Any CPU = Release|Any CPU
	EndGlobalSection
	GlobalSection(ProjectConfigurationPlatforms) = postSolution
		{8B2829D0-8931-4594-AA59-E9AC79F497DE}.Debug|Any CPU.ActiveCfg = Debug|Any CPU
		{8B2829D0-8931-4594-AA59-E9AC79F497DE}.Debug|Any CPU.Build.0 = Debug|Any CPU
		{8B2829D0-8931-4594-AA59-E9AC79F497DE}.Release|Any CPU.ActiveCfg = Release|Any CPU
		{8B2829D0-8931-4594-AA59-E9AC79F497DE}.Release|Any CPU.Build.0 = Release|Any CPU
		{39795792-E939-44BC-A4EB-FC8F089C5890}.Debug|Any CPU.ActiveCfg = Debug|Any CPU
		{39795792-E939-44BC-A4EB-FC8F089C5890}.Debug|Any CPU.Build.0 = Debug|Any CPU
		{39795792-E939-44BC-A4EB-FC8F089C5890}.Debug|Any CPU.Deploy.0 = Debug|Any CPU
		{39795792-E939-44BC-A4EB-FC8F089C5890}.Release|Any CPU.ActiveCfg = Release|Any CPU
		{39795792-E939-44BC-A4EB-FC8F089C5890}.Release|Any CPU.Build.0 = Release|Any CPU
		{39795792-E939-44BC-A4EB-FC8F089C5890}.Release|Any CPU.Deploy.0 = Release|Any CPU
		{B931DB46-909C-4C82-8922-EB8272BE353B}.Debug|Any CPU.ActiveCfg = Debug|Any CPU
		{B931DB46-909C-4C82-8922-EB8272BE353B}.Debug|Any CPU.Build.0 = Debug|Any CPU
		{B931DB46-909C-4C82-8922-EB8272BE353B}.Release|Any CPU.ActiveCfg = Release|Any CPU
		{B931DB46-909C-4C82-8922-EB8272BE353B}.Release|Any CPU.Build.0 = Release|Any CPU
		{BD4F385E-1144-41D9-BA65-06041D03B660}.Debug|Any CPU.ActiveCfg = Debug|Any CPU
		{BD4F385E-1144-41D9-BA65-06041D03B660}.Debug|Any CPU.Build.0 = Debug|Any CPU
		{BD4F385E-1144-41D9-BA65-06041D03B660}.Release|Any CPU.ActiveCfg = Release|Any CPU
		{BD4F385E-1144-41D9-BA65-06041D03B660}.Release|Any CPU.Build.0 = Release|Any CPU
	EndGlobalSection
	GlobalSection(SolutionProperties) = preSolution
		HideSolutionNode = FALSE
	EndGlobalSection
	GlobalSection(ExtensibilityGlobals) = postSolution
		SolutionGuid = {FE567BC4-E462-431B-8FDE-D1323AAE4523}
	EndGlobalSection
EndGlobal
